
Microsoft Visual Studio Solution File, Format Version 12.00
# Visual Studio Version 17
VisualStudioVersion = 17.0.31903.59
MinimumVisualStudioVersion = 10.0.40219.1
Project("{2150E333-8FDC-42A3-9474-1A3956D46DE8}") = "Core", "Core", "{5D95B8F2-1E5E-DB54-DD78-B0FD1A822C8A}"
EndProject
Project("{2150E333-8FDC-42A3-9474-1A3956D46DE8}") = "Infrastructure", "Infrastructure", "{ABA873A3-6342-5EF2-EC69-CB4D0B6B3B76}"
EndProject
Project("{2150E333-8FDC-42A3-9474-1A3956D46DE8}") = "Presentation", "Presentation", "{7BF14A15-F129-9D62-D63D-80472347F4B2}"
EndProject
Project("{2150E333-8FDC-42A3-9474-1A3956D46DE8}") = "Test", "Test", "{F5330DB8-897A-49AE-B689-4718A0A419DB}"
EndProject
Project("{FAE04EC0-301F-11D3-BF4B-00C04F79EFBC}") = "PrintsControl.Application", "Core\PrintsControl.Application\PrintsControl.Application.csproj", "{8F7599FC-3617-4A70-BB6C-9DA785BF5D47}"
EndProject
Project("{FAE04EC0-301F-11D3-BF4B-00C04F79EFBC}") = "PrintsControl.Domain", "Core\PrintsControl.Domain\PrintsControl.Domain.csproj", "{E7FE666D-AF91-42F0-8CC4-B433A888D6CF}"
EndProject
Project("{FAE04EC0-301F-11D3-BF4B-00C04F79EFBC}") = "PrintsControl.Persistence", "Infrastructure\PrintsControl.Persistence\PrintsControl.Persistence.csproj", "{622A83AD-C34B-49D8-922E-E71F5CF4C997}"
EndProject
Project("{FAE04EC0-301F-11D3-BF4B-00C04F79EFBC}") = "PrintsControl.WebApi", "Presentation\PrintsControl.WebApi\PrintsControl.WebApi.csproj", "{964B82AF-95E3-431D-8170-3A3B7D9916AC}"
EndProject
Project("{FAE04EC0-301F-11D3-BF4B-00C04F79EFBC}") = "PrintsControl.Test", "Test\PrintsControl.Test\PrintsControl.Test.csproj", "{2BEE1BF5-0E76-4DFF-8259-39108E396537}"
EndProject
Global
	GlobalSection(SolutionConfigurationPlatforms) = preSolution
		Debug|Any CPU = Debug|Any CPU
		Debug|x64 = Debug|x64
		Debug|x86 = Debug|x86
		Release|Any CPU = Release|Any CPU
		Release|x64 = Release|x64
		Release|x86 = Release|x86
	EndGlobalSection
	GlobalSection(ProjectConfigurationPlatforms) = postSolution
		{8F7599FC-3617-4A70-BB6C-9DA785BF5D47}.Debug|Any CPU.ActiveCfg = Debug|Any CPU
		{8F7599FC-3617-4A70-BB6C-9DA785BF5D47}.Debug|Any CPU.Build.0 = Debug|Any CPU
		{8F7599FC-3617-4A70-BB6C-9DA785BF5D47}.Debug|x64.ActiveCfg = Debug|Any CPU
		{8F7599FC-3617-4A70-BB6C-9DA785BF5D47}.Debug|x64.Build.0 = Debug|Any CPU
		{8F7599FC-3617-4A70-BB6C-9DA785BF5D47}.Debug|x86.ActiveCfg = Debug|Any CPU
		{8F7599FC-3617-4A70-BB6C-9DA785BF5D47}.Debug|x86.Build.0 = Debug|Any CPU
		{8F7599FC-3617-4A70-BB6C-9DA785BF5D47}.Release|Any CPU.ActiveCfg = Release|Any CPU
		{8F7599FC-3617-4A70-BB6C-9DA785BF5D47}.Release|Any CPU.Build.0 = Release|Any CPU
		{8F7599FC-3617-4A70-BB6C-9DA785BF5D47}.Release|x64.ActiveCfg = Release|Any CPU
		{8F7599FC-3617-4A70-BB6C-9DA785BF5D47}.Release|x64.Build.0 = Release|Any CPU
		{8F7599FC-3617-4A70-BB6C-9DA785BF5D47}.Release|x86.ActiveCfg = Release|Any CPU
		{8F7599FC-3617-4A70-BB6C-9DA785BF5D47}.Release|x86.Build.0 = Release|Any CPU
		{E7FE666D-AF91-42F0-8CC4-B433A888D6CF}.Debug|Any CPU.ActiveCfg = Debug|Any CPU
		{E7FE666D-AF91-42F0-8CC4-B433A888D6CF}.Debug|Any CPU.Build.0 = Debug|Any CPU
		{E7FE666D-AF91-42F0-8CC4-B433A888D6CF}.Debug|x64.ActiveCfg = Debug|Any CPU
		{E7FE666D-AF91-42F0-8CC4-B433A888D6CF}.Debug|x64.Build.0 = Debug|Any CPU
		{E7FE666D-AF91-42F0-8CC4-B433A888D6CF}.Debug|x86.ActiveCfg = Debug|Any CPU
		{E7FE666D-AF91-42F0-8CC4-B433A888D6CF}.Debug|x86.Build.0 = Debug|Any CPU
		{E7FE666D-AF91-42F0-8CC4-B433A888D6CF}.Release|Any CPU.ActiveCfg = Release|Any CPU
		{E7FE666D-AF91-42F0-8CC4-B433A888D6CF}.Release|Any CPU.Build.0 = Release|Any CPU
		{E7FE666D-AF91-42F0-8CC4-B433A888D6CF}.Release|x64.ActiveCfg = Release|Any CPU
		{E7FE666D-AF91-42F0-8CC4-B433A888D6CF}.Release|x64.Build.0 = Release|Any CPU
		{E7FE666D-AF91-42F0-8CC4-B433A888D6CF}.Release|x86.ActiveCfg = Release|Any CPU
		{E7FE666D-AF91-42F0-8CC4-B433A888D6CF}.Release|x86.Build.0 = Release|Any CPU
		{622A83AD-C34B-49D8-922E-E71F5CF4C997}.Debug|Any CPU.ActiveCfg = Debug|Any CPU
		{622A83AD-C34B-49D8-922E-E71F5CF4C997}.Debug|Any CPU.Build.0 = Debug|Any CPU
		{622A83AD-C34B-49D8-922E-E71F5CF4C997}.Debug|x64.ActiveCfg = Debug|Any CPU
		{622A83AD-C34B-49D8-922E-E71F5CF4C997}.Debug|x64.Build.0 = Debug|Any CPU
		{622A83AD-C34B-49D8-922E-E71F5CF4C997}.Debug|x86.ActiveCfg = Debug|Any CPU
		{622A83AD-C34B-49D8-922E-E71F5CF4C997}.Debug|x86.Build.0 = Debug|Any CPU
		{622A83AD-C34B-49D8-922E-E71F5CF4C997}.Release|Any CPU.ActiveCfg = Release|Any CPU
		{622A83AD-C34B-49D8-922E-E71F5CF4C997}.Release|Any CPU.Build.0 = Release|Any CPU
		{622A83AD-C34B-49D8-922E-E71F5CF4C997}.Release|x64.ActiveCfg = Release|Any CPU
		{622A83AD-C34B-49D8-922E-E71F5CF4C997}.Release|x64.Build.0 = Release|Any CPU
		{622A83AD-C34B-49D8-922E-E71F5CF4C997}.Release|x86.ActiveCfg = Release|Any CPU
		{622A83AD-C34B-49D8-922E-E71F5CF4C997}.Release|x86.Build.0 = Release|Any CPU
		{964B82AF-95E3-431D-8170-3A3B7D9916AC}.Debug|Any CPU.ActiveCfg = Debug|Any CPU
		{964B82AF-95E3-431D-8170-3A3B7D9916AC}.Debug|Any CPU.Build.0 = Debug|Any CPU
		{964B82AF-95E3-431D-8170-3A3B7D9916AC}.Debug|x64.ActiveCfg = Debug|Any CPU
		{964B82AF-95E3-431D-8170-3A3B7D9916AC}.Debug|x64.Build.0 = Debug|Any CPU
		{964B82AF-95E3-431D-8170-3A3B7D9916AC}.Debug|x86.ActiveCfg = Debug|Any CPU
		{964B82AF-95E3-431D-8170-3A3B7D9916AC}.Debug|x86.Build.0 = Debug|Any CPU
		{964B82AF-95E3-431D-8170-3A3B7D9916AC}.Release|Any CPU.ActiveCfg = Release|Any CPU
		{964B82AF-95E3-431D-8170-3A3B7D9916AC}.Release|Any CPU.Build.0 = Release|Any CPU
		{964B82AF-95E3-431D-8170-3A3B7D9916AC}.Release|x64.ActiveCfg = Release|Any CPU
		{964B82AF-95E3-431D-8170-3A3B7D9916AC}.Release|x64.Build.0 = Release|Any CPU
		{964B82AF-95E3-431D-8170-3A3B7D9916AC}.Release|x86.ActiveCfg = Release|Any CPU
		{964B82AF-95E3-431D-8170-3A3B7D9916AC}.Release|x86.Build.0 = Release|Any CPU
		{2BEE1BF5-0E76-4DFF-8259-39108E396537}.Debug|Any CPU.ActiveCfg = Debug|Any CPU
		{2BEE1BF5-0E76-4DFF-8259-39108E396537}.Debug|Any CPU.Build.0 = Debug|Any CPU
		{2BEE1BF5-0E76-4DFF-8259-39108E396537}.Debug|x64.ActiveCfg = Debug|Any CPU
		{2BEE1BF5-0E76-4DFF-8259-39108E396537}.Debug|x64.Build.0 = Debug|Any CPU
		{2BEE1BF5-0E76-4DFF-8259-39108E396537}.Debug|x86.ActiveCfg = Debug|Any CPU
		{2BEE1BF5-0E76-4DFF-8259-39108E396537}.Debug|x86.Build.0 = Debug|Any CPU
		{2BEE1BF5-0E76-4DFF-8259-39108E396537}.Release|Any CPU.ActiveCfg = Release|Any CPU
		{2BEE1BF5-0E76-4DFF-8259-39108E396537}.Release|Any CPU.Build.0 = Release|Any CPU
		{2BEE1BF5-0E76-4DFF-8259-39108E396537}.Release|x64.ActiveCfg = Release|Any CPU
		{2BEE1BF5-0E76-4DFF-8259-39108E396537}.Release|x64.Build.0 = Release|Any CPU
		{2BEE1BF5-0E76-4DFF-8259-39108E396537}.Release|x86.ActiveCfg = Release|Any CPU
		{2BEE1BF5-0E76-4DFF-8259-39108E396537}.Release|x86.Build.0 = Release|Any CPU
	EndGlobalSection
	GlobalSection(SolutionProperties) = preSolution
		HideSolutionNode = FALSE
	EndGlobalSection
	GlobalSection(NestedProjects) = preSolution
		{8F7599FC-3617-4A70-BB6C-9DA785BF5D47} = {5D95B8F2-1E5E-DB54-DD78-B0FD1A822C8A}
		{E7FE666D-AF91-42F0-8CC4-B433A888D6CF} = {5D95B8F2-1E5E-DB54-DD78-B0FD1A822C8A}
		{622A83AD-C34B-49D8-922E-E71F5CF4C997} = {ABA873A3-6342-5EF2-EC69-CB4D0B6B3B76}
		{964B82AF-95E3-431D-8170-3A3B7D9916AC} = {7BF14A15-F129-9D62-D63D-80472347F4B2}
		{2BEE1BF5-0E76-4DFF-8259-39108E396537} = {F5330DB8-897A-49AE-B689-4718A0A419DB}
	EndGlobalSection
EndGlobal
